
Microsoft Visual Studio Solution File, Format Version 12.00
Project("{FAE04EC0-301F-11D3-BF4B-00C04F79EFBC}") = "Module18", "Module18.csproj", "{C91D1B8D-6695-41AB-A774-9030EB866902}"
EndProject
Global
	GlobalSection(SolutionConfigurationPlatforms) = preSolution
		Debug|Any CPU = Debug|Any CPU
		Release|Any CPU = Release|Any CPU
	EndGlobalSection
	GlobalSection(ProjectConfigurationPlatforms) = postSolution
		{C91D1B8D-6695-41AB-A774-9030EB866902}.Debug|Any CPU.ActiveCfg = Debug|Any CPU
		{C91D1B8D-6695-41AB-A774-9030EB866902}.Debug|Any CPU.Build.0 = Debug|Any CPU
		{C91D1B8D-6695-41AB-A774-9030EB866902}.Release|Any CPU.ActiveCfg = Release|Any CPU
		{C91D1B8D-6695-41AB-A774-9030EB866902}.Release|Any CPU.Build.0 = Release|Any CPU
	EndGlobalSection
EndGlobal
